
Microsoft Visual Studio Solution File, Format Version 12.00
# Visual Studio Version 16
VisualStudioVersion = 16.0.31313.79
MinimumVisualStudioVersion = 10.0.40219.1
Project("{FAE04EC0-301F-11D3-BF4B-00C04F79EFBC}") = "IOT-Temperature", "IOT-Temperature.csproj", "{61AA9D74-5D0F-409E-A81F-DDAB7E0A748A}"
EndProject
Global
	GlobalSection(SolutionConfigurationPlatforms) = preSolution
		Debug|Any CPU = Debug|Any CPU
		Release|Any CPU = Release|Any CPU
	EndGlobalSection
	GlobalSection(ProjectConfigurationPlatforms) = postSolution
		{61AA9D74-5D0F-409E-A81F-DDAB7E0A748A}.Debug|Any CPU.ActiveCfg = Debug|Any CPU
		{61AA9D74-5D0F-409E-A81F-DDAB7E0A748A}.Debug|Any CPU.Build.0 = Debug|Any CPU
		{61AA9D74-5D0F-409E-A81F-DDAB7E0A748A}.Release|Any CPU.ActiveCfg = Release|Any CPU
		{61AA9D74-5D0F-409E-A81F-DDAB7E0A748A}.Release|Any CPU.Build.0 = Release|Any CPU
	EndGlobalSection
	GlobalSection(SolutionProperties) = preSolution
		HideSolutionNode = FALSE
	EndGlobalSection
	GlobalSection(ExtensibilityGlobals) = postSolution
		SolutionGuid = {FCC5F345-9998-477C-8724-9C3868BF8640}
	EndGlobalSection
EndGlobal
